
Microsoft Visual Studio Solution File, Format Version 12.00
# Visual Studio Version 16
VisualStudioVersion = 16.0.28407.52
MinimumVisualStudioVersion = 10.0.40219.1
Project("{FAE04EC0-301F-11D3-BF4B-00C04F79EFBC}") = "login-mysql", "login-mysql\login-mysql.csproj", "{84538097-252F-4C7D-83AA-094391061DA5}"
EndProject
Project("{54435603-DBB4-11D2-8724-00A0C9A8B90C}") = "login-installer", "login-installer\login-installer.vdproj", "{E73948B5-3160-480C-B3BB-57B3A138968B}"
EndProject
Global
	GlobalSection(SolutionConfigurationPlatforms) = preSolution
		Debug|Any CPU = Debug|Any CPU
		Release|Any CPU = Release|Any CPU
	EndGlobalSection
	GlobalSection(ProjectConfigurationPlatforms) = postSolution
		{84538097-252F-4C7D-83AA-094391061DA5}.Debug|Any CPU.ActiveCfg = Debug|Any CPU
		{84538097-252F-4C7D-83AA-094391061DA5}.Debug|Any CPU.Build.0 = Debug|Any CPU
		{84538097-252F-4C7D-83AA-094391061DA5}.Release|Any CPU.ActiveCfg = Release|Any CPU
		{84538097-252F-4C7D-83AA-094391061DA5}.Release|Any CPU.Build.0 = Release|Any CPU
		{E73948B5-3160-480C-B3BB-57B3A138968B}.Debug|Any CPU.ActiveCfg = Debug
		{E73948B5-3160-480C-B3BB-57B3A138968B}.Release|Any CPU.ActiveCfg = Release
	EndGlobalSection
	GlobalSection(SolutionProperties) = preSolution
		HideSolutionNode = FALSE
	EndGlobalSection
	GlobalSection(ExtensibilityGlobals) = postSolution
		SolutionGuid = {08087D4C-1205-4CEA-A9DB-C7456B380AC6}
	EndGlobalSection
EndGlobal
